
Microsoft Visual Studio Solution File, Format Version 12.00
# Visual Studio 14
VisualStudioVersion = 14.0.23107.0
MinimumVisualStudioVersion = 10.0.40219.1
Project("{2150E333-8FDC-42A3-9474-1A3956D46DE8}") = "Core", "Core", "{9B9ACAB0-5B34-4037-B5DE-22595BED6441}"
	ProjectSection(SolutionItems) = preProject
		nuget.config = nuget.config
	EndProjectSection
EndProject
Project("{FAE04EC0-301F-11D3-BF4B-00C04F79EFBC}") = "TBox", "Core\TBox\TBox.csproj", "{37F5B337-E121-45EE-BCDA-3D6F08183879}"
	ProjectSection(ProjectDependencies) = postProject
		{82C7F60B-51CB-4E8D-8657-2B3C91CE48BD} = {82C7F60B-51CB-4E8D-8657-2B3C91CE48BD}
		{A67AFF0D-0C64-4C74-B441-2F4DED497F67} = {A67AFF0D-0C64-4C74-B441-2F4DED497F67}
		{A7A80514-254B-42C8-AE86-5A1B299A82F5} = {A7A80514-254B-42C8-AE86-5A1B299A82F5}
		{C7ED2917-A1DA-4A17-9748-8E7FDCFC4923} = {C7ED2917-A1DA-4A17-9748-8E7FDCFC4923}
		{727B7A18-5E29-449E-925C-40DD755F5BEC} = {727B7A18-5E29-449E-925C-40DD755F5BEC}
		{73CB4B1E-9FC8-49A3-89A0-CED4D138ACC4} = {73CB4B1E-9FC8-49A3-89A0-CED4D138ACC4}
		{C4D39823-6122-44C1-BF41-BF96AF4109FA} = {C4D39823-6122-44C1-BF41-BF96AF4109FA}
		{E12D7B2D-44F8-4D80-8079-4789BD54B852} = {E12D7B2D-44F8-4D80-8079-4789BD54B852}
		{C2E56B31-532A-41C0-B89D-BD1340678DA9} = {C2E56B31-532A-41C0-B89D-BD1340678DA9}
		{914DFC3A-F1B7-4734-A7BE-22A5DE3661C7} = {914DFC3A-F1B7-4734-A7BE-22A5DE3661C7}
		{8A70063C-C7CB-4C7E-AD04-827BE2CB6F29} = {8A70063C-C7CB-4C7E-AD04-827BE2CB6F29}
		{AAC53D3D-4D9A-4508-9FCB-678ED47A5DE9} = {AAC53D3D-4D9A-4508-9FCB-678ED47A5DE9}
		{2DE1C03F-4EA0-4F51-B370-FBA7FE861FC0} = {2DE1C03F-4EA0-4F51-B370-FBA7FE861FC0}
		{1DE56240-F3A6-4C73-9184-6111E34A51AF} = {1DE56240-F3A6-4C73-9184-6111E34A51AF}
		{1356CE49-8DA5-47A0-9555-9D0F33972448} = {1356CE49-8DA5-47A0-9555-9D0F33972448}
		{251F304A-B83A-4B7B-B801-2F111D858504} = {251F304A-B83A-4B7B-B801-2F111D858504}
		{B7F13750-CB2B-4EE0-9A0F-361DB0DD0F07} = {B7F13750-CB2B-4EE0-9A0F-361DB0DD0F07}
		{548CA550-22C0-4CF3-A473-8C52AD6A5B5E} = {548CA550-22C0-4CF3-A473-8C52AD6A5B5E}
		{67CF3A53-107F-4D81-850F-4E70C454C937} = {67CF3A53-107F-4D81-850F-4E70C454C937}
		{BD854153-FED1-4A91-9F82-CDFD43CA340D} = {BD854153-FED1-4A91-9F82-CDFD43CA340D}
		{E3FD8555-D033-4D33-B616-A737C143EBAD} = {E3FD8555-D033-4D33-B616-A737C143EBAD}
		{A453EB6D-AE5A-410B-931D-F19F80A15FCF} = {A453EB6D-AE5A-410B-931D-F19F80A15FCF}
		{54B9D773-6032-42E8-A835-8A539055F148} = {54B9D773-6032-42E8-A835-8A539055F148}
		{BCDBE777-304F-40AC-8C5F-31B3A6BE4341} = {BCDBE777-304F-40AC-8C5F-31B3A6BE4341}
		{2509B48D-3963-4450-AF65-4F8B5D11DB08} = {2509B48D-3963-4450-AF65-4F8B5D11DB08}
		{F62FE294-F3F6-4D62-BE07-D74194562EB5} = {F62FE294-F3F6-4D62-BE07-D74194562EB5}
		{F24749AF-F387-492C-B04E-C3CD3F9B0380} = {F24749AF-F387-492C-B04E-C3CD3F9B0380}
		{0982B3BE-FEEE-4CF4-BC02-2B67D45C40F6} = {0982B3BE-FEEE-4CF4-BC02-2B67D45C40F6}
		{4B3649CD-3005-47E3-A90D-FCE9D9727584} = {4B3649CD-3005-47E3-A90D-FCE9D9727584}
		{CE3336CF-AB03-409B-8091-774EA9802862} = {CE3336CF-AB03-409B-8091-774EA9802862}
		{461301D0-790A-4C7F-A79D-1BDF38BDB79F} = {461301D0-790A-4C7F-A79D-1BDF38BDB79F}
		{7D2521E7-F85A-4988-8B61-CC753293AA36} = {7D2521E7-F85A-4988-8B61-CC753293AA36}
		{E63C7BEF-B60F-4D4A-9D4C-A8DADEB14ACA} = {E63C7BEF-B60F-4D4A-9D4C-A8DADEB14ACA}
		{F7D419F1-630B-4313-8932-B2A9AE5A5D1A} = {F7D419F1-630B-4313-8932-B2A9AE5A5D1A}
		{01DA69F1-6A61-4CDF-8217-619894AC38FF} = {01DA69F1-6A61-4CDF-8217-619894AC38FF}
		{2835E5F3-6C3C-4661-9982-B47BF969424B} = {2835E5F3-6C3C-4661-9982-B47BF969424B}
		{689671F8-C728-4B3B-AD7F-52F0B0E66C99} = {689671F8-C728-4B3B-AD7F-52F0B0E66C99}
		{7974D4FB-1BBE-480D-8848-443AA99BA323} = {7974D4FB-1BBE-480D-8848-443AA99BA323}
	EndProjectSection
EndProject
Project("{FAE04EC0-301F-11D3-BF4B-00C04F79EFBC}") = "Mnk.TBox.Core.Contracts", "Core\Contracts\Mnk.TBox.Core.Contracts.csproj", "{17848BF1-7A98-4F7F-B124-8B6C99A4712C}"
EndProject
Project("{2150E333-8FDC-42A3-9474-1A3956D46DE8}") = "Plugins", "Plugins", "{C705849B-E909-41CE-93C5-4BA2FA09D999}"
EndProject
Project("{FAE04EC0-301F-11D3-BF4B-00C04F79EFBC}") = "Encoder", "Plugins\Encoder\Encoder.csproj", "{689671F8-C728-4B3B-AD7F-52F0B0E66C99}"
EndProject
Project("{FAE04EC0-301F-11D3-BF4B-00C04F79EFBC}") = "ProjectMan", "Plugins\ProjectMan\ProjectMan.csproj", "{AAC53D3D-4D9A-4508-9FCB-678ED47A5DE9}"
EndProject
Project("{2150E333-8FDC-42A3-9474-1A3956D46DE8}") = "Market", "Market", "{CCF7CBAF-5991-4D81-9E3D-3ECC0C11E8F7}"
EndProject
Project("{FAE04EC0-301F-11D3-BF4B-00C04F79EFBC}") = "Market.Interfaces", "Plugins\Market\MarketInterfaces\Market.Interfaces.csproj", "{A7A80514-254B-42C8-AE86-5A1B299A82F5}"
EndProject
Project("{FAE04EC0-301F-11D3-BF4B-00C04F79EFBC}") = "Market.Service", "Plugins\Market\MarketService\Market.Service.csproj", "{2835E5F3-6C3C-4661-9982-B47BF969424B}"
EndProject
Project("{FAE04EC0-301F-11D3-BF4B-00C04F79EFBC}") = "Market.Client", "Plugins\Market\MarketClient\Market.Client.csproj", "{2DE1C03F-4EA0-4F51-B370-FBA7FE861FC0}"
EndProject
Project("{FAE04EC0-301F-11D3-BF4B-00C04F79EFBC}") = "FileWatcher", "Plugins\FileWatcher\FileWatcher.csproj", "{C4D39823-6122-44C1-BF41-BF96AF4109FA}"
EndProject
Project("{FAE04EC0-301F-11D3-BF4B-00C04F79EFBC}") = "Requestor", "Plugins\Requestor\Requestor.csproj", "{914DFC3A-F1B7-4734-A7BE-22A5DE3661C7}"
EndProject
Project("{FAE04EC0-301F-11D3-BF4B-00C04F79EFBC}") = "DirectoryProcessor", "Plugins\DirectoryProcessor\DirectoryProcessor.csproj", "{4B3649CD-3005-47E3-A90D-FCE9D9727584}"
EndProject
Project("{FAE04EC0-301F-11D3-BF4B-00C04F79EFBC}") = "AppConfigManager", "Plugins\AppConfigManager\AppConfigManager.csproj", "{BD854153-FED1-4A91-9F82-CDFD43CA340D}"
EndProject
Project("{FAE04EC0-301F-11D3-BF4B-00C04F79EFBC}") = "Searcher", "Plugins\Searcher\Searcher.csproj", "{C2E56B31-532A-41C0-B89D-BD1340678DA9}"
EndProject
Project("{FAE04EC0-301F-11D3-BF4B-00C04F79EFBC}") = "LocalizationTool", "Plugins\LocalizationTool\LocalizationTool.csproj", "{E63C7BEF-B60F-4D4A-9D4C-A8DADEB14ACA}"
EndProject
Project("{FAE04EC0-301F-11D3-BF4B-00C04F79EFBC}") = "Templates", "Plugins\Templates\Templates.csproj", "{67CF3A53-107F-4D81-850F-4E70C454C937}"
EndProject
Project("{FAE04EC0-301F-11D3-BF4B-00C04F79EFBC}") = "HtmlPad", "Plugins\HtmlPad\HtmlPad.csproj", "{E12D7B2D-44F8-4D80-8079-4789BD54B852}"
EndProject
Project("{FAE04EC0-301F-11D3-BF4B-00C04F79EFBC}") = "DevServerRunner", "Plugins\DevServerRunner\DevServerRunner.csproj", "{1356CE49-8DA5-47A0-9555-9D0F33972448}"
EndProject
Project("{FAE04EC0-301F-11D3-BF4B-00C04F79EFBC}") = "SqlWatcher", "Plugins\SqlWatcher\SqlWatcher.csproj", "{E3FD8555-D033-4D33-B616-A737C143EBAD}"
EndProject
Project("{FAE04EC0-301F-11D3-BF4B-00C04F79EFBC}") = "RegExpTester", "Plugins\RegExpTester\RegExpTester.csproj", "{727B7A18-5E29-449E-925C-40DD755F5BEC}"
EndProject
Project("{FAE04EC0-301F-11D3-BF4B-00C04F79EFBC}") = "Automator", "Plugins\Automator\Automator.csproj", "{A453EB6D-AE5A-410B-931D-F19F80A15FCF}"
EndProject
Project("{FAE04EC0-301F-11D3-BF4B-00C04F79EFBC}") = "SourcesUniter", "Plugins\SourcesUniter\SourcesUniter.csproj", "{F24749AF-F387-492C-B04E-C3CD3F9B0380}"
EndProject
Project("{FAE04EC0-301F-11D3-BF4B-00C04F79EFBC}") = "BookletPagesGenerator", "Plugins\BookletPagesGenerator\BookletPagesGenerator.csproj", "{2509B48D-3963-4450-AF65-4F8B5D11DB08}"
EndProject
Project("{FAE04EC0-301F-11D3-BF4B-00C04F79EFBC}") = "LeaksInterceptor", "Plugins\LeaksInterceptor\LeaksInterceptor.csproj", "{B7F13750-CB2B-4EE0-9A0F-361DB0DD0F07}"
EndProject
Project("{FAE04EC0-301F-11D3-BF4B-00C04F79EFBC}") = "TextGenerator", "Plugins\TextGenerator\TextGenerator.csproj", "{1DE56240-F3A6-4C73-9184-6111E34A51AF}"
EndProject
Project("{FAE04EC0-301F-11D3-BF4B-00C04F79EFBC}") = "ServicesCommander", "Plugins\ServicesCommander\ServicesCommander.csproj", "{7974D4FB-1BBE-480D-8848-443AA99BA323}"
EndProject
Project("{FAE04EC0-301F-11D3-BF4B-00C04F79EFBC}") = "SqlRunner", "Plugins\SqlRunner\SqlRunner.csproj", "{73CB4B1E-9FC8-49A3-89A0-CED4D138ACC4}"
EndProject
Project("{FAE04EC0-301F-11D3-BF4B-00C04F79EFBC}") = "AvailabilityChecker", "Plugins\AvailabilityChecker\AvailabilityChecker.csproj", "{8A70063C-C7CB-4C7E-AD04-827BE2CB6F29}"
EndProject
Project("{FAE04EC0-301F-11D3-BF4B-00C04F79EFBC}") = "RequestsWatcher", "Plugins\RequestsWatcher\RequestsWatcher.csproj", "{0982B3BE-FEEE-4CF4-BC02-2B67D45C40F6}"
EndProject
Project("{FAE04EC0-301F-11D3-BF4B-00C04F79EFBC}") = "NUnitRunner", "Plugins\NUnitRunner\NUnitRunner.csproj", "{F62FE294-F3F6-4D62-BE07-D74194562EB5}"
EndProject
Project("{FAE04EC0-301F-11D3-BF4B-00C04F79EFBC}") = "TeamManager", "Plugins\TeamManager\TeamManager.csproj", "{548CA550-22C0-4CF3-A473-8C52AD6A5B5E}"
EndProject
Project("{2150E333-8FDC-42A3-9474-1A3956D46DE8}") = "Tools", "Tools", "{627FBE93-C5D7-4938-98F1-59897FFF4C42}"
EndProject
Project("{2150E333-8FDC-42A3-9474-1A3956D46DE8}") = "Wix", "Wix", "{3CC640A2-A0B2-4739-B608-0A89B1691E6A}"
EndProject
Project("{2150E333-8FDC-42A3-9474-1A3956D46DE8}") = "Tests", "Tests", "{A0E5A5EC-65D5-4261-A6E1-FB7ACDC89DDA}"
EndProject
Project("{930C7802-8A8C-48F9-8165-68863BCCD9DD}") = "Install", "Wix\Install.wixproj", "{C0AB5A44-698D-4554-A347-78A3A797A3F5}"
	ProjectSection(ProjectDependencies) = postProject
		{37F5B337-E121-45EE-BCDA-3D6F08183879} = {37F5B337-E121-45EE-BCDA-3D6F08183879}
	EndProjectSection
EndProject
Project("{2150E333-8FDC-42A3-9474-1A3956D46DE8}") = "Locales", "Locales", "{6ED870A8-5B60-4E2B-A9B6-68D22723E075}"
EndProject
Project("{FAE04EC0-301F-11D3-BF4B-00C04F79EFBC}") = "Mnk.TBox.Locales.Localization", "Localization\Mnk.TBox.Locales.Localization.csproj", "{853FDE4C-F292-4BDF-8EEC-B50FE738CB46}"
EndProject
Project("{FAE04EC0-301F-11D3-BF4B-00C04F79EFBC}") = "Mnk.TBox.Core.PluginsShared", "Core\PluginsShared\Mnk.TBox.Core.PluginsShared.csproj", "{BCDBE777-304F-40AC-8C5F-31B3A6BE4341}"
EndProject
Project("{FAE04EC0-301F-11D3-BF4B-00C04F79EFBC}") = "ConsoleScriptRunner", "Tools\ConsoleScriptRunner\ConsoleScriptRunner.csproj", "{CE3336CF-AB03-409B-8091-774EA9802862}"
EndProject
Project("{FAE04EC0-301F-11D3-BF4B-00C04F79EFBC}") = "FeedbackService", "Tools\FeedbackService\FeedbackService.csproj", "{251F304A-B83A-4B7B-B801-2F111D858504}"
EndProject
Project("{FAE04EC0-301F-11D3-BF4B-00C04F79EFBC}") = "SkyNet.Common", "Tools\SkyNet.Common\SkyNet.Common.csproj", "{82C7F60B-51CB-4E8D-8657-2B3C91CE48BD}"
EndProject
Project("{2150E333-8FDC-42A3-9474-1A3956D46DE8}") = "SkyNet", "SkyNet", "{C370BCA4-38F1-42A2-83FD-6AC7E3B2D115}"
EndProject
Project("{FAE04EC0-301F-11D3-BF4B-00C04F79EFBC}") = "SkyNet.Server", "Tools\SkyNet.Server\SkyNet.Server.csproj", "{F7D419F1-630B-4313-8932-B2A9AE5A5D1A}"
EndProject
Project("{FAE04EC0-301F-11D3-BF4B-00C04F79EFBC}") = "SkyNet.Agent", "Tools\SkyNet.Agent\SkyNet.Agent.csproj", "{54B9D773-6032-42E8-A835-8A539055F148}"
EndProject
Project("{FAE04EC0-301F-11D3-BF4B-00C04F79EFBC}") = "SkyNet", "Plugins\SkyNet\SkyNet.csproj", "{01DA69F1-6A61-4CDF-8217-619894AC38FF}"
EndProject
Project("{FAE04EC0-301F-11D3-BF4B-00C04F79EFBC}") = "Mnk.TBox.Core.Empty", "Core\Empty\Mnk.TBox.Core.Empty.csproj", "{C7ED2917-A1DA-4A17-9748-8E7FDCFC4923}"
EndProject
Project("{FAE04EC0-301F-11D3-BF4B-00C04F79EFBC}") = "Mnk.TBox.Tests", "TBox.Tests\Mnk.TBox.Tests.csproj", "{461301D0-790A-4C7F-A79D-1BDF38BDB79F}"
EndProject
Project("{FAE04EC0-301F-11D3-BF4B-00C04F79EFBC}") = "Notes", "Plugins\Notes\Notes.csproj", "{A67AFF0D-0C64-4C74-B441-2F4DED497F67}"
EndProject
Project("{FAE04EC0-301F-11D3-BF4B-00C04F79EFBC}") = "PasswordsStorage", "Plugins\PasswordsStorage\PasswordsStorage.csproj", "{7D2521E7-F85A-4988-8B61-CC753293AA36}"
EndProject
Project("{FAE04EC0-301F-11D3-BF4B-00C04F79EFBC}") = "XsltTester", "Plugins\XsltTester\XsltTester.csproj", "{7E1112B6-3DB2-4E1D-AEC7-31A61907C7A2}"
EndProject
Project("{FAE04EC0-301F-11D3-BF4B-00C04F79EFBC}") = "Mnk.Rat", "Searcher\Mnk.Rat.csproj", "{C4833EAD-C718-4485-B858-1E2190DD3B58}"
EndProject
Global
	GlobalSection(SolutionConfigurationPlatforms) = preSolution
		Debug|Any CPU = Debug|Any CPU
		Debug|Mixed Platforms = Debug|Mixed Platforms
		Release|Any CPU = Release|Any CPU
		Release|Mixed Platforms = Release|Mixed Platforms
	EndGlobalSection
	GlobalSection(ProjectConfigurationPlatforms) = postSolution
		{37F5B337-E121-45EE-BCDA-3D6F08183879}.Debug|Any CPU.ActiveCfg = Debug|Any CPU
		{37F5B337-E121-45EE-BCDA-3D6F08183879}.Debug|Any CPU.Build.0 = Debug|Any CPU
		{37F5B337-E121-45EE-BCDA-3D6F08183879}.Debug|Mixed Platforms.ActiveCfg = Debug|Any CPU
		{37F5B337-E121-45EE-BCDA-3D6F08183879}.Debug|Mixed Platforms.Build.0 = Debug|Any CPU
		{37F5B337-E121-45EE-BCDA-3D6F08183879}.Release|Any CPU.ActiveCfg = Release|Any CPU
		{37F5B337-E121-45EE-BCDA-3D6F08183879}.Release|Any CPU.Build.0 = Release|Any CPU
		{37F5B337-E121-45EE-BCDA-3D6F08183879}.Release|Mixed Platforms.ActiveCfg = Release|Any CPU
		{37F5B337-E121-45EE-BCDA-3D6F08183879}.Release|Mixed Platforms.Build.0 = Release|Any CPU
		{17848BF1-7A98-4F7F-B124-8B6C99A4712C}.Debug|Any CPU.ActiveCfg = Debug|Any CPU
		{17848BF1-7A98-4F7F-B124-8B6C99A4712C}.Debug|Any CPU.Build.0 = Debug|Any CPU
		{17848BF1-7A98-4F7F-B124-8B6C99A4712C}.Debug|Mixed Platforms.ActiveCfg = Debug|Any CPU
		{17848BF1-7A98-4F7F-B124-8B6C99A4712C}.Debug|Mixed Platforms.Build.0 = Debug|Any CPU
		{17848BF1-7A98-4F7F-B124-8B6C99A4712C}.Release|Any CPU.ActiveCfg = Release|Any CPU
		{17848BF1-7A98-4F7F-B124-8B6C99A4712C}.Release|Any CPU.Build.0 = Release|Any CPU
		{17848BF1-7A98-4F7F-B124-8B6C99A4712C}.Release|Mixed Platforms.ActiveCfg = Release|Any CPU
		{17848BF1-7A98-4F7F-B124-8B6C99A4712C}.Release|Mixed Platforms.Build.0 = Release|Any CPU
		{689671F8-C728-4B3B-AD7F-52F0B0E66C99}.Debug|Any CPU.ActiveCfg = Debug|Any CPU
		{689671F8-C728-4B3B-AD7F-52F0B0E66C99}.Debug|Any CPU.Build.0 = Debug|Any CPU
		{689671F8-C728-4B3B-AD7F-52F0B0E66C99}.Debug|Mixed Platforms.ActiveCfg = Debug|Any CPU
		{689671F8-C728-4B3B-AD7F-52F0B0E66C99}.Debug|Mixed Platforms.Build.0 = Debug|Any CPU
		{689671F8-C728-4B3B-AD7F-52F0B0E66C99}.Release|Any CPU.ActiveCfg = Release|Any CPU
		{689671F8-C728-4B3B-AD7F-52F0B0E66C99}.Release|Any CPU.Build.0 = Release|Any CPU
		{689671F8-C728-4B3B-AD7F-52F0B0E66C99}.Release|Mixed Platforms.ActiveCfg = Release|Any CPU
		{689671F8-C728-4B3B-AD7F-52F0B0E66C99}.Release|Mixed Platforms.Build.0 = Release|Any CPU
		{AAC53D3D-4D9A-4508-9FCB-678ED47A5DE9}.Debug|Any CPU.ActiveCfg = Debug|Any CPU
		{AAC53D3D-4D9A-4508-9FCB-678ED47A5DE9}.Debug|Any CPU.Build.0 = Debug|Any CPU
		{AAC53D3D-4D9A-4508-9FCB-678ED47A5DE9}.Debug|Mixed Platforms.ActiveCfg = Debug|Any CPU
		{AAC53D3D-4D9A-4508-9FCB-678ED47A5DE9}.Debug|Mixed Platforms.Build.0 = Debug|Any CPU
		{AAC53D3D-4D9A-4508-9FCB-678ED47A5DE9}.Release|Any CPU.ActiveCfg = Release|Any CPU
		{AAC53D3D-4D9A-4508-9FCB-678ED47A5DE9}.Release|Any CPU.Build.0 = Release|Any CPU
		{AAC53D3D-4D9A-4508-9FCB-678ED47A5DE9}.Release|Mixed Platforms.ActiveCfg = Release|Any CPU
		{AAC53D3D-4D9A-4508-9FCB-678ED47A5DE9}.Release|Mixed Platforms.Build.0 = Release|Any CPU
		{A7A80514-254B-42C8-AE86-5A1B299A82F5}.Debug|Any CPU.ActiveCfg = Debug|Any CPU
		{A7A80514-254B-42C8-AE86-5A1B299A82F5}.Debug|Any CPU.Build.0 = Debug|Any CPU
		{A7A80514-254B-42C8-AE86-5A1B299A82F5}.Debug|Mixed Platforms.ActiveCfg = Debug|Any CPU
		{A7A80514-254B-42C8-AE86-5A1B299A82F5}.Debug|Mixed Platforms.Build.0 = Debug|Any CPU
		{A7A80514-254B-42C8-AE86-5A1B299A82F5}.Release|Any CPU.ActiveCfg = Release|Any CPU
		{A7A80514-254B-42C8-AE86-5A1B299A82F5}.Release|Any CPU.Build.0 = Release|Any CPU
		{A7A80514-254B-42C8-AE86-5A1B299A82F5}.Release|Mixed Platforms.ActiveCfg = Release|Any CPU
		{A7A80514-254B-42C8-AE86-5A1B299A82F5}.Release|Mixed Platforms.Build.0 = Release|Any CPU
		{2835E5F3-6C3C-4661-9982-B47BF969424B}.Debug|Any CPU.ActiveCfg = Debug|Any CPU
		{2835E5F3-6C3C-4661-9982-B47BF969424B}.Debug|Any CPU.Build.0 = Debug|Any CPU
		{2835E5F3-6C3C-4661-9982-B47BF969424B}.Debug|Mixed Platforms.ActiveCfg = Debug|Any CPU
		{2835E5F3-6C3C-4661-9982-B47BF969424B}.Debug|Mixed Platforms.Build.0 = Debug|Any CPU
		{2835E5F3-6C3C-4661-9982-B47BF969424B}.Release|Any CPU.ActiveCfg = Release|Any CPU
		{2835E5F3-6C3C-4661-9982-B47BF969424B}.Release|Any CPU.Build.0 = Release|Any CPU
		{2835E5F3-6C3C-4661-9982-B47BF969424B}.Release|Mixed Platforms.ActiveCfg = Release|Any CPU
		{2835E5F3-6C3C-4661-9982-B47BF969424B}.Release|Mixed Platforms.Build.0 = Release|Any CPU
		{2DE1C03F-4EA0-4F51-B370-FBA7FE861FC0}.Debug|Any CPU.ActiveCfg = Debug|Any CPU
		{2DE1C03F-4EA0-4F51-B370-FBA7FE861FC0}.Debug|Any CPU.Build.0 = Debug|Any CPU
		{2DE1C03F-4EA0-4F51-B370-FBA7FE861FC0}.Debug|Mixed Platforms.ActiveCfg = Debug|Any CPU
		{2DE1C03F-4EA0-4F51-B370-FBA7FE861FC0}.Debug|Mixed Platforms.Build.0 = Debug|Any CPU
		{2DE1C03F-4EA0-4F51-B370-FBA7FE861FC0}.Release|Any CPU.ActiveCfg = Release|Any CPU
		{2DE1C03F-4EA0-4F51-B370-FBA7FE861FC0}.Release|Any CPU.Build.0 = Release|Any CPU
		{2DE1C03F-4EA0-4F51-B370-FBA7FE861FC0}.Release|Mixed Platforms.ActiveCfg = Release|Any CPU
		{2DE1C03F-4EA0-4F51-B370-FBA7FE861FC0}.Release|Mixed Platforms.Build.0 = Release|Any CPU
		{C4D39823-6122-44C1-BF41-BF96AF4109FA}.Debug|Any CPU.ActiveCfg = Debug|Any CPU
		{C4D39823-6122-44C1-BF41-BF96AF4109FA}.Debug|Any CPU.Build.0 = Debug|Any CPU
		{C4D39823-6122-44C1-BF41-BF96AF4109FA}.Debug|Mixed Platforms.ActiveCfg = Debug|Any CPU
		{C4D39823-6122-44C1-BF41-BF96AF4109FA}.Debug|Mixed Platforms.Build.0 = Debug|Any CPU
		{C4D39823-6122-44C1-BF41-BF96AF4109FA}.Release|Any CPU.ActiveCfg = Release|Any CPU
		{C4D39823-6122-44C1-BF41-BF96AF4109FA}.Release|Any CPU.Build.0 = Release|Any CPU
		{C4D39823-6122-44C1-BF41-BF96AF4109FA}.Release|Mixed Platforms.ActiveCfg = Release|Any CPU
		{C4D39823-6122-44C1-BF41-BF96AF4109FA}.Release|Mixed Platforms.Build.0 = Release|Any CPU
		{914DFC3A-F1B7-4734-A7BE-22A5DE3661C7}.Debug|Any CPU.ActiveCfg = Debug|Any CPU
		{914DFC3A-F1B7-4734-A7BE-22A5DE3661C7}.Debug|Any CPU.Build.0 = Debug|Any CPU
		{914DFC3A-F1B7-4734-A7BE-22A5DE3661C7}.Debug|Mixed Platforms.ActiveCfg = Debug|Any CPU
		{914DFC3A-F1B7-4734-A7BE-22A5DE3661C7}.Debug|Mixed Platforms.Build.0 = Debug|Any CPU
		{914DFC3A-F1B7-4734-A7BE-22A5DE3661C7}.Release|Any CPU.ActiveCfg = Release|Any CPU
		{914DFC3A-F1B7-4734-A7BE-22A5DE3661C7}.Release|Any CPU.Build.0 = Release|Any CPU
		{914DFC3A-F1B7-4734-A7BE-22A5DE3661C7}.Release|Mixed Platforms.ActiveCfg = Release|Any CPU
		{914DFC3A-F1B7-4734-A7BE-22A5DE3661C7}.Release|Mixed Platforms.Build.0 = Release|Any CPU
		{4B3649CD-3005-47E3-A90D-FCE9D9727584}.Debug|Any CPU.ActiveCfg = Debug|Any CPU
		{4B3649CD-3005-47E3-A90D-FCE9D9727584}.Debug|Any CPU.Build.0 = Debug|Any CPU
		{4B3649CD-3005-47E3-A90D-FCE9D9727584}.Debug|Mixed Platforms.ActiveCfg = Debug|Any CPU
		{4B3649CD-3005-47E3-A90D-FCE9D9727584}.Debug|Mixed Platforms.Build.0 = Debug|Any CPU
		{4B3649CD-3005-47E3-A90D-FCE9D9727584}.Release|Any CPU.ActiveCfg = Release|Any CPU
		{4B3649CD-3005-47E3-A90D-FCE9D9727584}.Release|Any CPU.Build.0 = Release|Any CPU
		{4B3649CD-3005-47E3-A90D-FCE9D9727584}.Release|Mixed Platforms.ActiveCfg = Release|Any CPU
		{4B3649CD-3005-47E3-A90D-FCE9D9727584}.Release|Mixed Platforms.Build.0 = Release|Any CPU
		{BD854153-FED1-4A91-9F82-CDFD43CA340D}.Debug|Any CPU.ActiveCfg = Debug|Any CPU
		{BD854153-FED1-4A91-9F82-CDFD43CA340D}.Debug|Any CPU.Build.0 = Debug|Any CPU
		{BD854153-FED1-4A91-9F82-CDFD43CA340D}.Debug|Mixed Platforms.ActiveCfg = Debug|Any CPU
		{BD854153-FED1-4A91-9F82-CDFD43CA340D}.Debug|Mixed Platforms.Build.0 = Debug|Any CPU
		{BD854153-FED1-4A91-9F82-CDFD43CA340D}.Release|Any CPU.ActiveCfg = Release|Any CPU
		{BD854153-FED1-4A91-9F82-CDFD43CA340D}.Release|Any CPU.Build.0 = Release|Any CPU
		{BD854153-FED1-4A91-9F82-CDFD43CA340D}.Release|Mixed Platforms.ActiveCfg = Release|Any CPU
		{BD854153-FED1-4A91-9F82-CDFD43CA340D}.Release|Mixed Platforms.Build.0 = Release|Any CPU
		{C2E56B31-532A-41C0-B89D-BD1340678DA9}.Debug|Any CPU.ActiveCfg = Debug|Any CPU
		{C2E56B31-532A-41C0-B89D-BD1340678DA9}.Debug|Any CPU.Build.0 = Debug|Any CPU
		{C2E56B31-532A-41C0-B89D-BD1340678DA9}.Debug|Mixed Platforms.ActiveCfg = Debug|Any CPU
		{C2E56B31-532A-41C0-B89D-BD1340678DA9}.Debug|Mixed Platforms.Build.0 = Debug|Any CPU
		{C2E56B31-532A-41C0-B89D-BD1340678DA9}.Release|Any CPU.ActiveCfg = Release|Any CPU
		{C2E56B31-532A-41C0-B89D-BD1340678DA9}.Release|Any CPU.Build.0 = Release|Any CPU
		{C2E56B31-532A-41C0-B89D-BD1340678DA9}.Release|Mixed Platforms.ActiveCfg = Release|Any CPU
		{C2E56B31-532A-41C0-B89D-BD1340678DA9}.Release|Mixed Platforms.Build.0 = Release|Any CPU
		{E63C7BEF-B60F-4D4A-9D4C-A8DADEB14ACA}.Debug|Any CPU.ActiveCfg = Debug|Any CPU
		{E63C7BEF-B60F-4D4A-9D4C-A8DADEB14ACA}.Debug|Any CPU.Build.0 = Debug|Any CPU
		{E63C7BEF-B60F-4D4A-9D4C-A8DADEB14ACA}.Debug|Mixed Platforms.ActiveCfg = Debug|Any CPU
		{E63C7BEF-B60F-4D4A-9D4C-A8DADEB14ACA}.Debug|Mixed Platforms.Build.0 = Debug|Any CPU
		{E63C7BEF-B60F-4D4A-9D4C-A8DADEB14ACA}.Release|Any CPU.ActiveCfg = Release|Any CPU
		{E63C7BEF-B60F-4D4A-9D4C-A8DADEB14ACA}.Release|Any CPU.Build.0 = Release|Any CPU
		{E63C7BEF-B60F-4D4A-9D4C-A8DADEB14ACA}.Release|Mixed Platforms.ActiveCfg = Release|Any CPU
		{E63C7BEF-B60F-4D4A-9D4C-A8DADEB14ACA}.Release|Mixed Platforms.Build.0 = Release|Any CPU
		{67CF3A53-107F-4D81-850F-4E70C454C937}.Debug|Any CPU.ActiveCfg = Debug|Any CPU
		{67CF3A53-107F-4D81-850F-4E70C454C937}.Debug|Any CPU.Build.0 = Debug|Any CPU
		{67CF3A53-107F-4D81-850F-4E70C454C937}.Debug|Mixed Platforms.ActiveCfg = Debug|Any CPU
		{67CF3A53-107F-4D81-850F-4E70C454C937}.Debug|Mixed Platforms.Build.0 = Debug|Any CPU
		{67CF3A53-107F-4D81-850F-4E70C454C937}.Release|Any CPU.ActiveCfg = Release|Any CPU
		{67CF3A53-107F-4D81-850F-4E70C454C937}.Release|Any CPU.Build.0 = Release|Any CPU
		{67CF3A53-107F-4D81-850F-4E70C454C937}.Release|Mixed Platforms.ActiveCfg = Release|Any CPU
		{67CF3A53-107F-4D81-850F-4E70C454C937}.Release|Mixed Platforms.Build.0 = Release|Any CPU
		{E12D7B2D-44F8-4D80-8079-4789BD54B852}.Debug|Any CPU.ActiveCfg = Debug|Any CPU
		{E12D7B2D-44F8-4D80-8079-4789BD54B852}.Debug|Any CPU.Build.0 = Debug|Any CPU
		{E12D7B2D-44F8-4D80-8079-4789BD54B852}.Debug|Mixed Platforms.ActiveCfg = Debug|Any CPU
		{E12D7B2D-44F8-4D80-8079-4789BD54B852}.Debug|Mixed Platforms.Build.0 = Debug|Any CPU
		{E12D7B2D-44F8-4D80-8079-4789BD54B852}.Release|Any CPU.ActiveCfg = Release|Any CPU
		{E12D7B2D-44F8-4D80-8079-4789BD54B852}.Release|Any CPU.Build.0 = Release|Any CPU
		{E12D7B2D-44F8-4D80-8079-4789BD54B852}.Release|Mixed Platforms.ActiveCfg = Release|Any CPU
		{E12D7B2D-44F8-4D80-8079-4789BD54B852}.Release|Mixed Platforms.Build.0 = Release|Any CPU
		{1356CE49-8DA5-47A0-9555-9D0F33972448}.Debug|Any CPU.ActiveCfg = Debug|Any CPU
		{1356CE49-8DA5-47A0-9555-9D0F33972448}.Debug|Any CPU.Build.0 = Debug|Any CPU
		{1356CE49-8DA5-47A0-9555-9D0F33972448}.Debug|Mixed Platforms.ActiveCfg = Debug|Any CPU
		{1356CE49-8DA5-47A0-9555-9D0F33972448}.Debug|Mixed Platforms.Build.0 = Debug|Any CPU
		{1356CE49-8DA5-47A0-9555-9D0F33972448}.Release|Any CPU.ActiveCfg = Release|Any CPU
		{1356CE49-8DA5-47A0-9555-9D0F33972448}.Release|Any CPU.Build.0 = Release|Any CPU
		{1356CE49-8DA5-47A0-9555-9D0F33972448}.Release|Mixed Platforms.ActiveCfg = Release|Any CPU
		{1356CE49-8DA5-47A0-9555-9D0F33972448}.Release|Mixed Platforms.Build.0 = Release|Any CPU
		{E3FD8555-D033-4D33-B616-A737C143EBAD}.Debug|Any CPU.ActiveCfg = Debug|Any CPU
		{E3FD8555-D033-4D33-B616-A737C143EBAD}.Debug|Any CPU.Build.0 = Debug|Any CPU
		{E3FD8555-D033-4D33-B616-A737C143EBAD}.Debug|Mixed Platforms.ActiveCfg = Debug|Any CPU
		{E3FD8555-D033-4D33-B616-A737C143EBAD}.Debug|Mixed Platforms.Build.0 = Debug|Any CPU
		{E3FD8555-D033-4D33-B616-A737C143EBAD}.Release|Any CPU.ActiveCfg = Release|Any CPU
		{E3FD8555-D033-4D33-B616-A737C143EBAD}.Release|Any CPU.Build.0 = Release|Any CPU
		{E3FD8555-D033-4D33-B616-A737C143EBAD}.Release|Mixed Platforms.ActiveCfg = Release|Any CPU
		{E3FD8555-D033-4D33-B616-A737C143EBAD}.Release|Mixed Platforms.Build.0 = Release|Any CPU
		{727B7A18-5E29-449E-925C-40DD755F5BEC}.Debug|Any CPU.ActiveCfg = Debug|Any CPU
		{727B7A18-5E29-449E-925C-40DD755F5BEC}.Debug|Any CPU.Build.0 = Debug|Any CPU
		{727B7A18-5E29-449E-925C-40DD755F5BEC}.Debug|Mixed Platforms.ActiveCfg = Debug|Any CPU
		{727B7A18-5E29-449E-925C-40DD755F5BEC}.Debug|Mixed Platforms.Build.0 = Debug|Any CPU
		{727B7A18-5E29-449E-925C-40DD755F5BEC}.Release|Any CPU.ActiveCfg = Release|Any CPU
		{727B7A18-5E29-449E-925C-40DD755F5BEC}.Release|Any CPU.Build.0 = Release|Any CPU
		{727B7A18-5E29-449E-925C-40DD755F5BEC}.Release|Mixed Platforms.ActiveCfg = Release|Any CPU
		{727B7A18-5E29-449E-925C-40DD755F5BEC}.Release|Mixed Platforms.Build.0 = Release|Any CPU
		{A453EB6D-AE5A-410B-931D-F19F80A15FCF}.Debug|Any CPU.ActiveCfg = Debug|Any CPU
		{A453EB6D-AE5A-410B-931D-F19F80A15FCF}.Debug|Any CPU.Build.0 = Debug|Any CPU
		{A453EB6D-AE5A-410B-931D-F19F80A15FCF}.Debug|Mixed Platforms.ActiveCfg = Debug|Any CPU
		{A453EB6D-AE5A-410B-931D-F19F80A15FCF}.Debug|Mixed Platforms.Build.0 = Debug|Any CPU
		{A453EB6D-AE5A-410B-931D-F19F80A15FCF}.Release|Any CPU.ActiveCfg = Release|Any CPU
		{A453EB6D-AE5A-410B-931D-F19F80A15FCF}.Release|Any CPU.Build.0 = Release|Any CPU
		{A453EB6D-AE5A-410B-931D-F19F80A15FCF}.Release|Mixed Platforms.ActiveCfg = Release|Any CPU
		{A453EB6D-AE5A-410B-931D-F19F80A15FCF}.Release|Mixed Platforms.Build.0 = Release|Any CPU
		{F24749AF-F387-492C-B04E-C3CD3F9B0380}.Debug|Any CPU.ActiveCfg = Debug|Any CPU
		{F24749AF-F387-492C-B04E-C3CD3F9B0380}.Debug|Any CPU.Build.0 = Debug|Any CPU
		{F24749AF-F387-492C-B04E-C3CD3F9B0380}.Debug|Mixed Platforms.ActiveCfg = Debug|Any CPU
		{F24749AF-F387-492C-B04E-C3CD3F9B0380}.Debug|Mixed Platforms.Build.0 = Debug|Any CPU
		{F24749AF-F387-492C-B04E-C3CD3F9B0380}.Release|Any CPU.ActiveCfg = Release|Any CPU
		{F24749AF-F387-492C-B04E-C3CD3F9B0380}.Release|Any CPU.Build.0 = Release|Any CPU
		{F24749AF-F387-492C-B04E-C3CD3F9B0380}.Release|Mixed Platforms.ActiveCfg = Release|Any CPU
		{F24749AF-F387-492C-B04E-C3CD3F9B0380}.Release|Mixed Platforms.Build.0 = Release|Any CPU
		{2509B48D-3963-4450-AF65-4F8B5D11DB08}.Debug|Any CPU.ActiveCfg = Debug|Any CPU
		{2509B48D-3963-4450-AF65-4F8B5D11DB08}.Debug|Any CPU.Build.0 = Debug|Any CPU
		{2509B48D-3963-4450-AF65-4F8B5D11DB08}.Debug|Mixed Platforms.ActiveCfg = Debug|Any CPU
		{2509B48D-3963-4450-AF65-4F8B5D11DB08}.Debug|Mixed Platforms.Build.0 = Debug|Any CPU
		{2509B48D-3963-4450-AF65-4F8B5D11DB08}.Release|Any CPU.ActiveCfg = Release|Any CPU
		{2509B48D-3963-4450-AF65-4F8B5D11DB08}.Release|Any CPU.Build.0 = Release|Any CPU
		{2509B48D-3963-4450-AF65-4F8B5D11DB08}.Release|Mixed Platforms.ActiveCfg = Release|Any CPU
		{2509B48D-3963-4450-AF65-4F8B5D11DB08}.Release|Mixed Platforms.Build.0 = Release|Any CPU
		{B7F13750-CB2B-4EE0-9A0F-361DB0DD0F07}.Debug|Any CPU.ActiveCfg = Debug|Any CPU
		{B7F13750-CB2B-4EE0-9A0F-361DB0DD0F07}.Debug|Any CPU.Build.0 = Debug|Any CPU
		{B7F13750-CB2B-4EE0-9A0F-361DB0DD0F07}.Debug|Mixed Platforms.ActiveCfg = Debug|Any CPU
		{B7F13750-CB2B-4EE0-9A0F-361DB0DD0F07}.Debug|Mixed Platforms.Build.0 = Debug|Any CPU
		{B7F13750-CB2B-4EE0-9A0F-361DB0DD0F07}.Release|Any CPU.ActiveCfg = Release|Any CPU
		{B7F13750-CB2B-4EE0-9A0F-361DB0DD0F07}.Release|Any CPU.Build.0 = Release|Any CPU
		{B7F13750-CB2B-4EE0-9A0F-361DB0DD0F07}.Release|Mixed Platforms.ActiveCfg = Release|Any CPU
		{B7F13750-CB2B-4EE0-9A0F-361DB0DD0F07}.Release|Mixed Platforms.Build.0 = Release|Any CPU
		{1DE56240-F3A6-4C73-9184-6111E34A51AF}.Debug|Any CPU.ActiveCfg = Debug|Any CPU
		{1DE56240-F3A6-4C73-9184-6111E34A51AF}.Debug|Any CPU.Build.0 = Debug|Any CPU
		{1DE56240-F3A6-4C73-9184-6111E34A51AF}.Debug|Mixed Platforms.ActiveCfg = Debug|Any CPU
		{1DE56240-F3A6-4C73-9184-6111E34A51AF}.Debug|Mixed Platforms.Build.0 = Debug|Any CPU
		{1DE56240-F3A6-4C73-9184-6111E34A51AF}.Release|Any CPU.ActiveCfg = Release|Any CPU
		{1DE56240-F3A6-4C73-9184-6111E34A51AF}.Release|Any CPU.Build.0 = Release|Any CPU
		{1DE56240-F3A6-4C73-9184-6111E34A51AF}.Release|Mixed Platforms.ActiveCfg = Release|Any CPU
		{1DE56240-F3A6-4C73-9184-6111E34A51AF}.Release|Mixed Platforms.Build.0 = Release|Any CPU
		{7974D4FB-1BBE-480D-8848-443AA99BA323}.Debug|Any CPU.ActiveCfg = Debug|Any CPU
		{7974D4FB-1BBE-480D-8848-443AA99BA323}.Debug|Any CPU.Build.0 = Debug|Any CPU
		{7974D4FB-1BBE-480D-8848-443AA99BA323}.Debug|Mixed Platforms.ActiveCfg = Debug|Any CPU
		{7974D4FB-1BBE-480D-8848-443AA99BA323}.Debug|Mixed Platforms.Build.0 = Debug|Any CPU
		{7974D4FB-1BBE-480D-8848-443AA99BA323}.Release|Any CPU.ActiveCfg = Release|Any CPU
		{7974D4FB-1BBE-480D-8848-443AA99BA323}.Release|Any CPU.Build.0 = Release|Any CPU
		{7974D4FB-1BBE-480D-8848-443AA99BA323}.Release|Mixed Platforms.ActiveCfg = Release|Any CPU
		{7974D4FB-1BBE-480D-8848-443AA99BA323}.Release|Mixed Platforms.Build.0 = Release|Any CPU
		{73CB4B1E-9FC8-49A3-89A0-CED4D138ACC4}.Debug|Any CPU.ActiveCfg = Debug|Any CPU
		{73CB4B1E-9FC8-49A3-89A0-CED4D138ACC4}.Debug|Any CPU.Build.0 = Debug|Any CPU
		{73CB4B1E-9FC8-49A3-89A0-CED4D138ACC4}.Debug|Mixed Platforms.ActiveCfg = Debug|Any CPU
		{73CB4B1E-9FC8-49A3-89A0-CED4D138ACC4}.Debug|Mixed Platforms.Build.0 = Debug|Any CPU
		{73CB4B1E-9FC8-49A3-89A0-CED4D138ACC4}.Release|Any CPU.ActiveCfg = Release|Any CPU
		{73CB4B1E-9FC8-49A3-89A0-CED4D138ACC4}.Release|Any CPU.Build.0 = Release|Any CPU
		{73CB4B1E-9FC8-49A3-89A0-CED4D138ACC4}.Release|Mixed Platforms.ActiveCfg = Release|Any CPU
		{73CB4B1E-9FC8-49A3-89A0-CED4D138ACC4}.Release|Mixed Platforms.Build.0 = Release|Any CPU
		{8A70063C-C7CB-4C7E-AD04-827BE2CB6F29}.Debug|Any CPU.ActiveCfg = Debug|Any CPU
		{8A70063C-C7CB-4C7E-AD04-827BE2CB6F29}.Debug|Any CPU.Build.0 = Debug|Any CPU
		{8A70063C-C7CB-4C7E-AD04-827BE2CB6F29}.Debug|Mixed Platforms.ActiveCfg = Debug|Any CPU
		{8A70063C-C7CB-4C7E-AD04-827BE2CB6F29}.Debug|Mixed Platforms.Build.0 = Debug|Any CPU
		{8A70063C-C7CB-4C7E-AD04-827BE2CB6F29}.Release|Any CPU.ActiveCfg = Release|Any CPU
		{8A70063C-C7CB-4C7E-AD04-827BE2CB6F29}.Release|Any CPU.Build.0 = Release|Any CPU
		{8A70063C-C7CB-4C7E-AD04-827BE2CB6F29}.Release|Mixed Platforms.ActiveCfg = Release|Any CPU
		{8A70063C-C7CB-4C7E-AD04-827BE2CB6F29}.Release|Mixed Platforms.Build.0 = Release|Any CPU
		{0982B3BE-FEEE-4CF4-BC02-2B67D45C40F6}.Debug|Any CPU.ActiveCfg = Debug|Any CPU
		{0982B3BE-FEEE-4CF4-BC02-2B67D45C40F6}.Debug|Any CPU.Build.0 = Debug|Any CPU
		{0982B3BE-FEEE-4CF4-BC02-2B67D45C40F6}.Debug|Mixed Platforms.ActiveCfg = Debug|Any CPU
		{0982B3BE-FEEE-4CF4-BC02-2B67D45C40F6}.Debug|Mixed Platforms.Build.0 = Debug|Any CPU
		{0982B3BE-FEEE-4CF4-BC02-2B67D45C40F6}.Release|Any CPU.ActiveCfg = Release|Any CPU
		{0982B3BE-FEEE-4CF4-BC02-2B67D45C40F6}.Release|Any CPU.Build.0 = Release|Any CPU
		{0982B3BE-FEEE-4CF4-BC02-2B67D45C40F6}.Release|Mixed Platforms.ActiveCfg = Release|Any CPU
		{0982B3BE-FEEE-4CF4-BC02-2B67D45C40F6}.Release|Mixed Platforms.Build.0 = Release|Any CPU
		{F62FE294-F3F6-4D62-BE07-D74194562EB5}.Debug|Any CPU.ActiveCfg = Debug|Any CPU
		{F62FE294-F3F6-4D62-BE07-D74194562EB5}.Debug|Any CPU.Build.0 = Debug|Any CPU
		{F62FE294-F3F6-4D62-BE07-D74194562EB5}.Debug|Mixed Platforms.ActiveCfg = Debug|Any CPU
		{F62FE294-F3F6-4D62-BE07-D74194562EB5}.Debug|Mixed Platforms.Build.0 = Debug|Any CPU
		{F62FE294-F3F6-4D62-BE07-D74194562EB5}.Release|Any CPU.ActiveCfg = Release|Any CPU
		{F62FE294-F3F6-4D62-BE07-D74194562EB5}.Release|Any CPU.Build.0 = Release|Any CPU
		{F62FE294-F3F6-4D62-BE07-D74194562EB5}.Release|Mixed Platforms.ActiveCfg = Release|Any CPU
		{F62FE294-F3F6-4D62-BE07-D74194562EB5}.Release|Mixed Platforms.Build.0 = Release|Any CPU
		{548CA550-22C0-4CF3-A473-8C52AD6A5B5E}.Debug|Any CPU.ActiveCfg = Debug|Any CPU
		{548CA550-22C0-4CF3-A473-8C52AD6A5B5E}.Debug|Any CPU.Build.0 = Debug|Any CPU
		{548CA550-22C0-4CF3-A473-8C52AD6A5B5E}.Debug|Mixed Platforms.ActiveCfg = Debug|Any CPU
		{548CA550-22C0-4CF3-A473-8C52AD6A5B5E}.Debug|Mixed Platforms.Build.0 = Debug|Any CPU
		{548CA550-22C0-4CF3-A473-8C52AD6A5B5E}.Release|Any CPU.ActiveCfg = Release|Any CPU
		{548CA550-22C0-4CF3-A473-8C52AD6A5B5E}.Release|Any CPU.Build.0 = Release|Any CPU
		{548CA550-22C0-4CF3-A473-8C52AD6A5B5E}.Release|Mixed Platforms.ActiveCfg = Release|Any CPU
		{548CA550-22C0-4CF3-A473-8C52AD6A5B5E}.Release|Mixed Platforms.Build.0 = Release|Any CPU
		{C0AB5A44-698D-4554-A347-78A3A797A3F5}.Debug|Any CPU.ActiveCfg = Debug|x86
		{C0AB5A44-698D-4554-A347-78A3A797A3F5}.Debug|Mixed Platforms.ActiveCfg = Debug|x86
		{C0AB5A44-698D-4554-A347-78A3A797A3F5}.Release|Any CPU.ActiveCfg = Release|x86
		{C0AB5A44-698D-4554-A347-78A3A797A3F5}.Release|Mixed Platforms.ActiveCfg = Release|x86
		{853FDE4C-F292-4BDF-8EEC-B50FE738CB46}.Debug|Any CPU.ActiveCfg = Debug|Any CPU
		{853FDE4C-F292-4BDF-8EEC-B50FE738CB46}.Debug|Any CPU.Build.0 = Debug|Any CPU
		{853FDE4C-F292-4BDF-8EEC-B50FE738CB46}.Debug|Mixed Platforms.ActiveCfg = Debug|Any CPU
		{853FDE4C-F292-4BDF-8EEC-B50FE738CB46}.Debug|Mixed Platforms.Build.0 = Debug|Any CPU
		{853FDE4C-F292-4BDF-8EEC-B50FE738CB46}.Release|Any CPU.ActiveCfg = Release|Any CPU
		{853FDE4C-F292-4BDF-8EEC-B50FE738CB46}.Release|Any CPU.Build.0 = Release|Any CPU
		{853FDE4C-F292-4BDF-8EEC-B50FE738CB46}.Release|Mixed Platforms.ActiveCfg = Release|Any CPU
		{853FDE4C-F292-4BDF-8EEC-B50FE738CB46}.Release|Mixed Platforms.Build.0 = Release|Any CPU
		{BCDBE777-304F-40AC-8C5F-31B3A6BE4341}.Debug|Any CPU.ActiveCfg = Debug|Any CPU
		{BCDBE777-304F-40AC-8C5F-31B3A6BE4341}.Debug|Any CPU.Build.0 = Debug|Any CPU
		{BCDBE777-304F-40AC-8C5F-31B3A6BE4341}.Debug|Mixed Platforms.ActiveCfg = Debug|Any CPU
		{BCDBE777-304F-40AC-8C5F-31B3A6BE4341}.Debug|Mixed Platforms.Build.0 = Debug|Any CPU
		{BCDBE777-304F-40AC-8C5F-31B3A6BE4341}.Release|Any CPU.ActiveCfg = Release|Any CPU
		{BCDBE777-304F-40AC-8C5F-31B3A6BE4341}.Release|Any CPU.Build.0 = Release|Any CPU
		{BCDBE777-304F-40AC-8C5F-31B3A6BE4341}.Release|Mixed Platforms.ActiveCfg = Release|Any CPU
		{BCDBE777-304F-40AC-8C5F-31B3A6BE4341}.Release|Mixed Platforms.Build.0 = Release|Any CPU
		{CE3336CF-AB03-409B-8091-774EA9802862}.Debug|Any CPU.ActiveCfg = Debug|Any CPU
		{CE3336CF-AB03-409B-8091-774EA9802862}.Debug|Any CPU.Build.0 = Debug|Any CPU
		{CE3336CF-AB03-409B-8091-774EA9802862}.Debug|Mixed Platforms.ActiveCfg = Debug|Any CPU
		{CE3336CF-AB03-409B-8091-774EA9802862}.Debug|Mixed Platforms.Build.0 = Debug|Any CPU
		{CE3336CF-AB03-409B-8091-774EA9802862}.Release|Any CPU.ActiveCfg = Release|Any CPU
		{CE3336CF-AB03-409B-8091-774EA9802862}.Release|Any CPU.Build.0 = Release|Any CPU
		{CE3336CF-AB03-409B-8091-774EA9802862}.Release|Mixed Platforms.ActiveCfg = Release|Any CPU
		{CE3336CF-AB03-409B-8091-774EA9802862}.Release|Mixed Platforms.Build.0 = Release|Any CPU
		{251F304A-B83A-4B7B-B801-2F111D858504}.Debug|Any CPU.ActiveCfg = Debug|Any CPU
		{251F304A-B83A-4B7B-B801-2F111D858504}.Debug|Any CPU.Build.0 = Debug|Any CPU
		{251F304A-B83A-4B7B-B801-2F111D858504}.Debug|Mixed Platforms.ActiveCfg = Debug|Any CPU
		{251F304A-B83A-4B7B-B801-2F111D858504}.Debug|Mixed Platforms.Build.0 = Debug|Any CPU
		{251F304A-B83A-4B7B-B801-2F111D858504}.Release|Any CPU.ActiveCfg = Release|Any CPU
		{251F304A-B83A-4B7B-B801-2F111D858504}.Release|Any CPU.Build.0 = Release|Any CPU
		{251F304A-B83A-4B7B-B801-2F111D858504}.Release|Mixed Platforms.ActiveCfg = Release|Any CPU
		{251F304A-B83A-4B7B-B801-2F111D858504}.Release|Mixed Platforms.Build.0 = Release|Any CPU
		{82C7F60B-51CB-4E8D-8657-2B3C91CE48BD}.Debug|Any CPU.ActiveCfg = Debug|Any CPU
		{82C7F60B-51CB-4E8D-8657-2B3C91CE48BD}.Debug|Any CPU.Build.0 = Debug|Any CPU
		{82C7F60B-51CB-4E8D-8657-2B3C91CE48BD}.Debug|Mixed Platforms.ActiveCfg = Debug|Any CPU
		{82C7F60B-51CB-4E8D-8657-2B3C91CE48BD}.Debug|Mixed Platforms.Build.0 = Debug|Any CPU
		{82C7F60B-51CB-4E8D-8657-2B3C91CE48BD}.Release|Any CPU.ActiveCfg = Release|Any CPU
		{82C7F60B-51CB-4E8D-8657-2B3C91CE48BD}.Release|Any CPU.Build.0 = Release|Any CPU
		{82C7F60B-51CB-4E8D-8657-2B3C91CE48BD}.Release|Mixed Platforms.ActiveCfg = Release|Any CPU
		{82C7F60B-51CB-4E8D-8657-2B3C91CE48BD}.Release|Mixed Platforms.Build.0 = Release|Any CPU
		{F7D419F1-630B-4313-8932-B2A9AE5A5D1A}.Debug|Any CPU.ActiveCfg = Debug|Any CPU
		{F7D419F1-630B-4313-8932-B2A9AE5A5D1A}.Debug|Any CPU.Build.0 = Debug|Any CPU
		{F7D419F1-630B-4313-8932-B2A9AE5A5D1A}.Debug|Mixed Platforms.ActiveCfg = Debug|Any CPU
		{F7D419F1-630B-4313-8932-B2A9AE5A5D1A}.Debug|Mixed Platforms.Build.0 = Debug|Any CPU
		{F7D419F1-630B-4313-8932-B2A9AE5A5D1A}.Release|Any CPU.ActiveCfg = Release|Any CPU
		{F7D419F1-630B-4313-8932-B2A9AE5A5D1A}.Release|Any CPU.Build.0 = Release|Any CPU
		{F7D419F1-630B-4313-8932-B2A9AE5A5D1A}.Release|Mixed Platforms.ActiveCfg = Release|Any CPU
		{F7D419F1-630B-4313-8932-B2A9AE5A5D1A}.Release|Mixed Platforms.Build.0 = Release|Any CPU
		{54B9D773-6032-42E8-A835-8A539055F148}.Debug|Any CPU.ActiveCfg = Debug|Any CPU
		{54B9D773-6032-42E8-A835-8A539055F148}.Debug|Any CPU.Build.0 = Debug|Any CPU
		{54B9D773-6032-42E8-A835-8A539055F148}.Debug|Mixed Platforms.ActiveCfg = Debug|Any CPU
		{54B9D773-6032-42E8-A835-8A539055F148}.Debug|Mixed Platforms.Build.0 = Debug|Any CPU
		{54B9D773-6032-42E8-A835-8A539055F148}.Release|Any CPU.ActiveCfg = Release|Any CPU
		{54B9D773-6032-42E8-A835-8A539055F148}.Release|Any CPU.Build.0 = Release|Any CPU
		{54B9D773-6032-42E8-A835-8A539055F148}.Release|Mixed Platforms.ActiveCfg = Release|Any CPU
		{54B9D773-6032-42E8-A835-8A539055F148}.Release|Mixed Platforms.Build.0 = Release|Any CPU
		{01DA69F1-6A61-4CDF-8217-619894AC38FF}.Debug|Any CPU.ActiveCfg = Debug|Any CPU
		{01DA69F1-6A61-4CDF-8217-619894AC38FF}.Debug|Any CPU.Build.0 = Debug|Any CPU
		{01DA69F1-6A61-4CDF-8217-619894AC38FF}.Debug|Mixed Platforms.ActiveCfg = Debug|Any CPU
		{01DA69F1-6A61-4CDF-8217-619894AC38FF}.Debug|Mixed Platforms.Build.0 = Debug|Any CPU
		{01DA69F1-6A61-4CDF-8217-619894AC38FF}.Release|Any CPU.ActiveCfg = Release|Any CPU
		{01DA69F1-6A61-4CDF-8217-619894AC38FF}.Release|Any CPU.Build.0 = Release|Any CPU
		{01DA69F1-6A61-4CDF-8217-619894AC38FF}.Release|Mixed Platforms.ActiveCfg = Release|Any CPU
		{01DA69F1-6A61-4CDF-8217-619894AC38FF}.Release|Mixed Platforms.Build.0 = Release|Any CPU
		{C7ED2917-A1DA-4A17-9748-8E7FDCFC4923}.Debug|Any CPU.ActiveCfg = Debug|Any CPU
		{C7ED2917-A1DA-4A17-9748-8E7FDCFC4923}.Debug|Any CPU.Build.0 = Debug|Any CPU
		{C7ED2917-A1DA-4A17-9748-8E7FDCFC4923}.Debug|Mixed Platforms.ActiveCfg = Debug|Any CPU
		{C7ED2917-A1DA-4A17-9748-8E7FDCFC4923}.Debug|Mixed Platforms.Build.0 = Debug|Any CPU
		{C7ED2917-A1DA-4A17-9748-8E7FDCFC4923}.Release|Any CPU.ActiveCfg = Release|Any CPU
		{C7ED2917-A1DA-4A17-9748-8E7FDCFC4923}.Release|Any CPU.Build.0 = Release|Any CPU
		{C7ED2917-A1DA-4A17-9748-8E7FDCFC4923}.Release|Mixed Platforms.ActiveCfg = Release|Any CPU
		{C7ED2917-A1DA-4A17-9748-8E7FDCFC4923}.Release|Mixed Platforms.Build.0 = Release|Any CPU
		{461301D0-790A-4C7F-A79D-1BDF38BDB79F}.Debug|Any CPU.ActiveCfg = Debug|Any CPU
		{461301D0-790A-4C7F-A79D-1BDF38BDB79F}.Debug|Any CPU.Build.0 = Debug|Any CPU
		{461301D0-790A-4C7F-A79D-1BDF38BDB79F}.Debug|Mixed Platforms.ActiveCfg = Debug|Any CPU
		{461301D0-790A-4C7F-A79D-1BDF38BDB79F}.Debug|Mixed Platforms.Build.0 = Debug|Any CPU
		{461301D0-790A-4C7F-A79D-1BDF38BDB79F}.Release|Any CPU.ActiveCfg = Release|Any CPU
		{461301D0-790A-4C7F-A79D-1BDF38BDB79F}.Release|Any CPU.Build.0 = Release|Any CPU
		{461301D0-790A-4C7F-A79D-1BDF38BDB79F}.Release|Mixed Platforms.ActiveCfg = Release|Any CPU
		{461301D0-790A-4C7F-A79D-1BDF38BDB79F}.Release|Mixed Platforms.Build.0 = Release|Any CPU
		{A67AFF0D-0C64-4C74-B441-2F4DED497F67}.Debug|Any CPU.ActiveCfg = Debug|Any CPU
		{A67AFF0D-0C64-4C74-B441-2F4DED497F67}.Debug|Any CPU.Build.0 = Debug|Any CPU
		{A67AFF0D-0C64-4C74-B441-2F4DED497F67}.Debug|Mixed Platforms.ActiveCfg = Debug|Any CPU
		{A67AFF0D-0C64-4C74-B441-2F4DED497F67}.Debug|Mixed Platforms.Build.0 = Debug|Any CPU
		{A67AFF0D-0C64-4C74-B441-2F4DED497F67}.Release|Any CPU.ActiveCfg = Release|Any CPU
		{A67AFF0D-0C64-4C74-B441-2F4DED497F67}.Release|Any CPU.Build.0 = Release|Any CPU
		{A67AFF0D-0C64-4C74-B441-2F4DED497F67}.Release|Mixed Platforms.ActiveCfg = Release|Any CPU
		{A67AFF0D-0C64-4C74-B441-2F4DED497F67}.Release|Mixed Platforms.Build.0 = Release|Any CPU
		{7D2521E7-F85A-4988-8B61-CC753293AA36}.Debug|Any CPU.ActiveCfg = Debug|Any CPU
		{7D2521E7-F85A-4988-8B61-CC753293AA36}.Debug|Any CPU.Build.0 = Debug|Any CPU
		{7D2521E7-F85A-4988-8B61-CC753293AA36}.Debug|Mixed Platforms.ActiveCfg = Debug|Any CPU
		{7D2521E7-F85A-4988-8B61-CC753293AA36}.Debug|Mixed Platforms.Build.0 = Debug|Any CPU
		{7D2521E7-F85A-4988-8B61-CC753293AA36}.Release|Any CPU.ActiveCfg = Release|Any CPU
		{7D2521E7-F85A-4988-8B61-CC753293AA36}.Release|Any CPU.Build.0 = Release|Any CPU
		{7D2521E7-F85A-4988-8B61-CC753293AA36}.Release|Mixed Platforms.ActiveCfg = Release|Any CPU
		{7D2521E7-F85A-4988-8B61-CC753293AA36}.Release|Mixed Platforms.Build.0 = Release|Any CPU
		{7E1112B6-3DB2-4E1D-AEC7-31A61907C7A2}.Debug|Any CPU.ActiveCfg = Debug|Any CPU
		{7E1112B6-3DB2-4E1D-AEC7-31A61907C7A2}.Debug|Any CPU.Build.0 = Debug|Any CPU
		{7E1112B6-3DB2-4E1D-AEC7-31A61907C7A2}.Debug|Mixed Platforms.ActiveCfg = Debug|Any CPU
		{7E1112B6-3DB2-4E1D-AEC7-31A61907C7A2}.Debug|Mixed Platforms.Build.0 = Debug|Any CPU
		{7E1112B6-3DB2-4E1D-AEC7-31A61907C7A2}.Release|Any CPU.ActiveCfg = Release|Any CPU
		{7E1112B6-3DB2-4E1D-AEC7-31A61907C7A2}.Release|Any CPU.Build.0 = Release|Any CPU
		{7E1112B6-3DB2-4E1D-AEC7-31A61907C7A2}.Release|Mixed Platforms.ActiveCfg = Release|Any CPU
		{7E1112B6-3DB2-4E1D-AEC7-31A61907C7A2}.Release|Mixed Platforms.Build.0 = Release|Any CPU
		{C4833EAD-C718-4485-B858-1E2190DD3B58}.Debug|Any CPU.ActiveCfg = Debug|Any CPU
		{C4833EAD-C718-4485-B858-1E2190DD3B58}.Debug|Any CPU.Build.0 = Debug|Any CPU
		{C4833EAD-C718-4485-B858-1E2190DD3B58}.Debug|Mixed Platforms.ActiveCfg = Debug|Any CPU
		{C4833EAD-C718-4485-B858-1E2190DD3B58}.Debug|Mixed Platforms.Build.0 = Debug|Any CPU
		{C4833EAD-C718-4485-B858-1E2190DD3B58}.Release|Any CPU.ActiveCfg = Release|Any CPU
		{C4833EAD-C718-4485-B858-1E2190DD3B58}.Release|Any CPU.Build.0 = Release|Any CPU
		{C4833EAD-C718-4485-B858-1E2190DD3B58}.Release|Mixed Platforms.ActiveCfg = Release|Any CPU
		{C4833EAD-C718-4485-B858-1E2190DD3B58}.Release|Mixed Platforms.Build.0 = Release|Any CPU
	EndGlobalSection
	GlobalSection(SolutionProperties) = preSolution
		HideSolutionNode = FALSE
	EndGlobalSection
	GlobalSection(NestedProjects) = preSolution
		{37F5B337-E121-45EE-BCDA-3D6F08183879} = {9B9ACAB0-5B34-4037-B5DE-22595BED6441}
		{17848BF1-7A98-4F7F-B124-8B6C99A4712C} = {9B9ACAB0-5B34-4037-B5DE-22595BED6441}
		{689671F8-C728-4B3B-AD7F-52F0B0E66C99} = {C705849B-E909-41CE-93C5-4BA2FA09D999}
		{AAC53D3D-4D9A-4508-9FCB-678ED47A5DE9} = {C705849B-E909-41CE-93C5-4BA2FA09D999}
		{CCF7CBAF-5991-4D81-9E3D-3ECC0C11E8F7} = {C705849B-E909-41CE-93C5-4BA2FA09D999}
		{A7A80514-254B-42C8-AE86-5A1B299A82F5} = {CCF7CBAF-5991-4D81-9E3D-3ECC0C11E8F7}
		{2835E5F3-6C3C-4661-9982-B47BF969424B} = {CCF7CBAF-5991-4D81-9E3D-3ECC0C11E8F7}
		{2DE1C03F-4EA0-4F51-B370-FBA7FE861FC0} = {CCF7CBAF-5991-4D81-9E3D-3ECC0C11E8F7}
		{C4D39823-6122-44C1-BF41-BF96AF4109FA} = {C705849B-E909-41CE-93C5-4BA2FA09D999}
		{914DFC3A-F1B7-4734-A7BE-22A5DE3661C7} = {C705849B-E909-41CE-93C5-4BA2FA09D999}
		{4B3649CD-3005-47E3-A90D-FCE9D9727584} = {C705849B-E909-41CE-93C5-4BA2FA09D999}
		{BD854153-FED1-4A91-9F82-CDFD43CA340D} = {C705849B-E909-41CE-93C5-4BA2FA09D999}
		{C2E56B31-532A-41C0-B89D-BD1340678DA9} = {C705849B-E909-41CE-93C5-4BA2FA09D999}
		{E63C7BEF-B60F-4D4A-9D4C-A8DADEB14ACA} = {C705849B-E909-41CE-93C5-4BA2FA09D999}
		{67CF3A53-107F-4D81-850F-4E70C454C937} = {C705849B-E909-41CE-93C5-4BA2FA09D999}
		{E12D7B2D-44F8-4D80-8079-4789BD54B852} = {C705849B-E909-41CE-93C5-4BA2FA09D999}
		{1356CE49-8DA5-47A0-9555-9D0F33972448} = {C705849B-E909-41CE-93C5-4BA2FA09D999}
		{E3FD8555-D033-4D33-B616-A737C143EBAD} = {C705849B-E909-41CE-93C5-4BA2FA09D999}
		{727B7A18-5E29-449E-925C-40DD755F5BEC} = {C705849B-E909-41CE-93C5-4BA2FA09D999}
		{A453EB6D-AE5A-410B-931D-F19F80A15FCF} = {C705849B-E909-41CE-93C5-4BA2FA09D999}
		{F24749AF-F387-492C-B04E-C3CD3F9B0380} = {C705849B-E909-41CE-93C5-4BA2FA09D999}
		{2509B48D-3963-4450-AF65-4F8B5D11DB08} = {C705849B-E909-41CE-93C5-4BA2FA09D999}
		{B7F13750-CB2B-4EE0-9A0F-361DB0DD0F07} = {C705849B-E909-41CE-93C5-4BA2FA09D999}
		{1DE56240-F3A6-4C73-9184-6111E34A51AF} = {C705849B-E909-41CE-93C5-4BA2FA09D999}
		{7974D4FB-1BBE-480D-8848-443AA99BA323} = {C705849B-E909-41CE-93C5-4BA2FA09D999}
		{73CB4B1E-9FC8-49A3-89A0-CED4D138ACC4} = {C705849B-E909-41CE-93C5-4BA2FA09D999}
		{8A70063C-C7CB-4C7E-AD04-827BE2CB6F29} = {C705849B-E909-41CE-93C5-4BA2FA09D999}
		{0982B3BE-FEEE-4CF4-BC02-2B67D45C40F6} = {C705849B-E909-41CE-93C5-4BA2FA09D999}
		{F62FE294-F3F6-4D62-BE07-D74194562EB5} = {C705849B-E909-41CE-93C5-4BA2FA09D999}
		{548CA550-22C0-4CF3-A473-8C52AD6A5B5E} = {C705849B-E909-41CE-93C5-4BA2FA09D999}
		{C0AB5A44-698D-4554-A347-78A3A797A3F5} = {3CC640A2-A0B2-4739-B608-0A89B1691E6A}
		{853FDE4C-F292-4BDF-8EEC-B50FE738CB46} = {6ED870A8-5B60-4E2B-A9B6-68D22723E075}
		{BCDBE777-304F-40AC-8C5F-31B3A6BE4341} = {9B9ACAB0-5B34-4037-B5DE-22595BED6441}
		{CE3336CF-AB03-409B-8091-774EA9802862} = {627FBE93-C5D7-4938-98F1-59897FFF4C42}
		{251F304A-B83A-4B7B-B801-2F111D858504} = {627FBE93-C5D7-4938-98F1-59897FFF4C42}
		{82C7F60B-51CB-4E8D-8657-2B3C91CE48BD} = {C370BCA4-38F1-42A2-83FD-6AC7E3B2D115}
		{C370BCA4-38F1-42A2-83FD-6AC7E3B2D115} = {627FBE93-C5D7-4938-98F1-59897FFF4C42}
		{F7D419F1-630B-4313-8932-B2A9AE5A5D1A} = {C370BCA4-38F1-42A2-83FD-6AC7E3B2D115}
		{54B9D773-6032-42E8-A835-8A539055F148} = {C370BCA4-38F1-42A2-83FD-6AC7E3B2D115}
		{01DA69F1-6A61-4CDF-8217-619894AC38FF} = {C705849B-E909-41CE-93C5-4BA2FA09D999}
		{C7ED2917-A1DA-4A17-9748-8E7FDCFC4923} = {9B9ACAB0-5B34-4037-B5DE-22595BED6441}
		{461301D0-790A-4C7F-A79D-1BDF38BDB79F} = {A0E5A5EC-65D5-4261-A6E1-FB7ACDC89DDA}
		{A67AFF0D-0C64-4C74-B441-2F4DED497F67} = {C705849B-E909-41CE-93C5-4BA2FA09D999}
		{7D2521E7-F85A-4988-8B61-CC753293AA36} = {C705849B-E909-41CE-93C5-4BA2FA09D999}
		{7E1112B6-3DB2-4E1D-AEC7-31A61907C7A2} = {C705849B-E909-41CE-93C5-4BA2FA09D999}
		{C4833EAD-C718-4485-B858-1E2190DD3B58} = {9B9ACAB0-5B34-4037-B5DE-22595BED6441}
	EndGlobalSection
EndGlobal
